<?xml version="1.0" encoding="utf-8"?>
<Project ToolsVersion="4.0" xmlns="http://schemas.microsoft.com/developer/msbuild/2003">
  <ItemGroup>
    <Filter Include="Source Files">
      <UniqueIdentifier>{4FC737F1-C7A5-4376-A066-2A32D752A2FF}</UniqueIdentifier>
      <Extensions>cpp;c;cc;cxx;def;odl;idl;hpj;bat;asm;asmx</Extensions>
    </Filter>
    <Filter Include="Header Files">
      <UniqueIdentifier>{93995380-89BD-4b04-88EB-625FBE52EBFB}</UniqueIdentifier>
      <Extensions>h;hh;hpp;hxx;hm;inl;inc;xsd</Extensions>
    </Filter>
    <Filter Include="Source Files\Zydis">
      <UniqueIdentifier>{c334ecd8-b526-42dd-aa95-8eb0acdb8892}</UniqueIdentifier>
    </Filter>
    <Filter Include="Header Files\Zydis">
      <UniqueIdentifier>{3108807c-0904-48ba-99db-88d28ee6dbd8}</UniqueIdentifier>
    </Filter>
  </ItemGroup>
  <ItemGroup>
    <ClCompile Include="Debugger.cpp">
      <Filter>Source Files</Filter>
    </ClCompile>
    <ClCompile Include="Debugger.Loop.cpp">
      <Filter>Source Files</Filter>
    </ClCompile>
    <ClCompile Include="Debugger.Thread.cpp">
      <Filter>Source Files</Filter>
    </ClCompile>
    <ClCompile Include="Debugger.Process.cpp">
      <Filter>Source Files</Filter>
    </ClCompile>
    <ClCompile Include="Debugger.Dll.cpp">
      <Filter>Source Files</Filter>
    </ClCompile>
    <ClCompile Include="Debugger.Loop.Dll.cpp">
      <Filter>Source Files</Filter>
    </ClCompile>
    <ClCompile Include="Debugger.Loop.Exception.cpp">
      <Filter>Source Files</Filter>
    </ClCompile>
    <ClCompile Include="Debugger.Loop.Process.cpp">
      <Filter>Source Files</Filter>
    </ClCompile>
    <ClCompile Include="Debugger.Loop.Thread.cpp">
      <Filter>Source Files</Filter>
    </ClCompile>
    <ClCompile Include="Debugger.Loop.DebugString.cpp">
      <Filter>Source Files</Filter>
    </ClCompile>
    <ClCompile Include="Debugger.Loop.Rip.cpp">
      <Filter>Source Files</Filter>
    </ClCompile>
    <ClCompile Include="Debugger.Thread.Registers.cpp">
      <Filter>Source Files</Filter>
    </ClCompile>
    <ClCompile Include="Debugger.Thread.Registers.GetSet.cpp">
      <Filter>Source Files</Filter>
    </ClCompile>
    <ClCompile Include="Debugger.Process.Memory.cpp">
      <Filter>Source Files</Filter>
    </ClCompile>
    <ClCompile Include="Debugger.Process.Breakpoint.cpp">
      <Filter>Source Files</Filter>
    </ClCompile>
    <ClCompile Include="Debugger.Loop.Unknown.cpp">
      <Filter>Source Files</Filter>
    </ClCompile>
    <ClCompile Include="Debugger.Thread.HardwareBreakpoint.cpp">
      <Filter>Source Files</Filter>
    </ClCompile>
    <ClCompile Include="Static.File.cpp">
      <Filter>Source Files</Filter>
    </ClCompile>
    <ClCompile Include="Static.Pe.cpp">
      <Filter>Source Files</Filter>
    </ClCompile>
    <ClCompile Include="Static.BufferFile.cpp">
      <Filter>Source Files</Filter>
    </ClCompile>
    <ClCompile Include="Static.Pattern.cpp">
      <Filter>Source Files</Filter>
    </ClCompile>
    <ClCompile Include="stringutils.cpp">
      <Filter>Source Files</Filter>
    </ClCompile>
    <ClCompile Include="Zydis\Zydis.c">
      <Filter>Source Files\Zydis</Filter>
    </ClCompile>
  </ItemGroup>
  <ItemGroup>
    <ClInclude Include="Debugger.h">
      <Filter>Header Files</Filter>
    </ClInclude>
    <ClInclude Include="Debugger.Process.h">
      <Filter>Header Files</Filter>
    </ClInclude>
    <ClInclude Include="Debugger.Thread.h">
      <Filter>Header Files</Filter>
    </ClInclude>
    <ClInclude Include="Debugger.Dll.h">
      <Filter>Header Files</Filter>
    </ClInclude>
    <ClInclude Include="Debugger.Global.h">
      <Filter>Header Files</Filter>
    </ClInclude>
    <ClInclude Include="Debugger.Thread.Registers.h">
      <Filter>Header Files</Filter>
    </ClInclude>
    <ClInclude Include="Debugger.Thread.Registers.Register.h">
      <Filter>Header Files</Filter>
    </ClInclude>
    <ClInclude Include="GleeBug.h">
      <Filter>Header Files</Filter>
    </ClInclude>
    <ClInclude Include="Debugger.Thread.Registers.Flag.h">
      <Filter>Header Files</Filter>
    </ClInclude>
    <ClInclude Include="Debugger.Breakpoint.h">
      <Filter>Header Files</Filter>
    </ClInclude>
    <ClInclude Include="Static.File.h">
      <Filter>Header Files</Filter>
    </ClInclude>
    <ClInclude Include="Static.Pe.h">
      <Filter>Header Files</Filter>
    </ClInclude>
    <ClInclude Include="Static.Region.h">
      <Filter>Header Files</Filter>
    </ClInclude>
    <ClInclude Include="Static.Global.h">
      <Filter>Header Files</Filter>
    </ClInclude>
    <ClInclude Include="Static.BufferFile.h">
      <Filter>Header Files</Filter>
    </ClInclude>
    <ClInclude Include="Static.Pe.Section.h">
      <Filter>Header Files</Filter>
    </ClInclude>
    <ClInclude Include="Static.Pattern.h">
      <Filter>Header Files</Filter>
    </ClInclude>
    <ClInclude Include="oprintf.h">
      <Filter>Header Files</Filter>
    </ClInclude>
    <ClInclude Include="stringutils.h">
      <Filter>Header Files</Filter>
    </ClInclude>
    <ClInclude Include="Debugger.NativeAttach.h">
      <Filter>Header Files</Filter>
    </ClInclude>
    <ClInclude Include="ntdll.h">
      <Filter>Header Files</Filter>
    </ClInclude>
    <ClInclude Include="Zydis\Zydis.h">
      <Filter>Header Files\Zydis</Filter>
    </ClInclude>
  </ItemGroup>
</Project>